
Microsoft Visual Studio Solution File, Format Version 12.00
# Visual Studio Version 16
VisualStudioVersion = 16.0.30804.86
MinimumVisualStudioVersion = 10.0.40219.1
Project("{FAE04EC0-301F-11D3-BF4B-00C04F79EFBC}") = "ppedv.Druckverwaltung.Model", "ppedv.Druckverwaltung.Model\ppedv.Druckverwaltung.Model.csproj", "{A9B9CFC1-B8D0-41A9-961B-37829CA8B7D4}"
EndProject
Project("{FAE04EC0-301F-11D3-BF4B-00C04F79EFBC}") = "ppedv.Druckverwaltung.Data.EF", "ppedv.Druckverwaltung.Data.EF\ppedv.Druckverwaltung.Data.EF.csproj", "{89F8240E-C49A-419B-BB99-DF5E4AB2DC26}"
EndProject
Project("{FAE04EC0-301F-11D3-BF4B-00C04F79EFBC}") = "ppedv.Druckverwaltung.Data.EF.Tests", "ppedv.Druckverwaltung.Data.EF.Tests\ppedv.Druckverwaltung.Data.EF.Tests.csproj", "{4DA2AB5F-0112-4EA1-986D-091964F3A1CD}"
EndProject
Project("{2150E333-8FDC-42A3-9474-1A3956D46DE8}") = "Data", "Data", "{38054C10-8B4D-4917-BFCD-8C2B8048B70B}"
EndProject
Project("{FAE04EC0-301F-11D3-BF4B-00C04F79EFBC}") = "ppedv.Druckverwaltung.Logic", "ppedv.Druckverwaltung.Logic\ppedv.Druckverwaltung.Logic.csproj", "{58555E56-F369-4199-B290-2BE20F6ED342}"
EndProject
Global
	GlobalSection(SolutionConfigurationPlatforms) = preSolution
		Debug|Any CPU = Debug|Any CPU
		Release|Any CPU = Release|Any CPU
	EndGlobalSection
	GlobalSection(ProjectConfigurationPlatforms) = postSolution
		{A9B9CFC1-B8D0-41A9-961B-37829CA8B7D4}.Debug|Any CPU.ActiveCfg = Debug|Any CPU
		{A9B9CFC1-B8D0-41A9-961B-37829CA8B7D4}.Debug|Any CPU.Build.0 = Debug|Any CPU
		{A9B9CFC1-B8D0-41A9-961B-37829CA8B7D4}.Release|Any CPU.ActiveCfg = Release|Any CPU
		{A9B9CFC1-B8D0-41A9-961B-37829CA8B7D4}.Release|Any CPU.Build.0 = Release|Any CPU
		{89F8240E-C49A-419B-BB99-DF5E4AB2DC26}.Debug|Any CPU.ActiveCfg = Debug|Any CPU
		{89F8240E-C49A-419B-BB99-DF5E4AB2DC26}.Debug|Any CPU.Build.0 = Debug|Any CPU
		{89F8240E-C49A-419B-BB99-DF5E4AB2DC26}.Release|Any CPU.ActiveCfg = Release|Any CPU
		{89F8240E-C49A-419B-BB99-DF5E4AB2DC26}.Release|Any CPU.Build.0 = Release|Any CPU
		{4DA2AB5F-0112-4EA1-986D-091964F3A1CD}.Debug|Any CPU.ActiveCfg = Debug|Any CPU
		{4DA2AB5F-0112-4EA1-986D-091964F3A1CD}.Debug|Any CPU.Build.0 = Debug|Any CPU
		{4DA2AB5F-0112-4EA1-986D-091964F3A1CD}.Release|Any CPU.ActiveCfg = Release|Any CPU
		{4DA2AB5F-0112-4EA1-986D-091964F3A1CD}.Release|Any CPU.Build.0 = Release|Any CPU
		{58555E56-F369-4199-B290-2BE20F6ED342}.Debug|Any CPU.ActiveCfg = Debug|Any CPU
		{58555E56-F369-4199-B290-2BE20F6ED342}.Debug|Any CPU.Build.0 = Debug|Any CPU
		{58555E56-F369-4199-B290-2BE20F6ED342}.Release|Any CPU.ActiveCfg = Release|Any CPU
		{58555E56-F369-4199-B290-2BE20F6ED342}.Release|Any CPU.Build.0 = Release|Any CPU
	EndGlobalSection
	GlobalSection(SolutionProperties) = preSolution
		HideSolutionNode = FALSE
	EndGlobalSection
	GlobalSection(NestedProjects) = preSolution
		{89F8240E-C49A-419B-BB99-DF5E4AB2DC26} = {38054C10-8B4D-4917-BFCD-8C2B8048B70B}
		{4DA2AB5F-0112-4EA1-986D-091964F3A1CD} = {38054C10-8B4D-4917-BFCD-8C2B8048B70B}
	EndGlobalSection
	GlobalSection(ExtensibilityGlobals) = postSolution
		SolutionGuid = {0AE9C47F-8392-409A-B2A7-15A38EDC97F5}
	EndGlobalSection
EndGlobal
