
Microsoft Visual Studio Solution File, Format Version 12.00
# Visual Studio Version 16
VisualStudioVersion = 16.0.30804.86
MinimumVisualStudioVersion = 10.0.40219.1
Project("{FAE04EC0-301F-11D3-BF4B-00C04F79EFBC}") = "GoogleBooksClient", "GoogleBooksClient\GoogleBooksClient.csproj", "{80945C7C-20E7-4722-A2A0-0AEEFE9DDBFC}"
EndProject
Global
	GlobalSection(SolutionConfigurationPlatforms) = preSolution
		Debug|Any CPU = Debug|Any CPU
		Release|Any CPU = Release|Any CPU
	EndGlobalSection
	GlobalSection(ProjectConfigurationPlatforms) = postSolution
		{80945C7C-20E7-4722-A2A0-0AEEFE9DDBFC}.Debug|Any CPU.ActiveCfg = Debug|Any CPU
		{80945C7C-20E7-4722-A2A0-0AEEFE9DDBFC}.Debug|Any CPU.Build.0 = Debug|Any CPU
		{80945C7C-20E7-4722-A2A0-0AEEFE9DDBFC}.Release|Any CPU.ActiveCfg = Release|Any CPU
		{80945C7C-20E7-4722-A2A0-0AEEFE9DDBFC}.Release|Any CPU.Build.0 = Release|Any CPU
	EndGlobalSection
	GlobalSection(SolutionProperties) = preSolution
		HideSolutionNode = FALSE
	EndGlobalSection
	GlobalSection(ExtensibilityGlobals) = postSolution
		SolutionGuid = {3F0AFF67-E821-4FAC-9E56-B7BF45F82F82}
	EndGlobalSection
EndGlobal
